
Microsoft Visual Studio Solution File, Format Version 12.00
# Visual Studio Version 16
VisualStudioVersion = 16.0.30503.244
MinimumVisualStudioVersion = 10.0.40219.1
Project("{9A19103F-16F7-4668-BE54-9A1E7A4F7556}") = "WaveBall", "WaveBall\WaveBall.csproj", "{2DF2B041-A048-49C3-B341-7FEF842C13CA}"
EndProject
Project("{9A19103F-16F7-4668-BE54-9A1E7A4F7556}") = "WaveBall.Grpc", "WaveBall.Grpc\WaveBall.Grpc.csproj", "{448211BB-90DF-404A-A3C3-AA29299E0E2E}"
EndProject
Project("{FAE04EC0-301F-11D3-BF4B-00C04F79EFBC}") = "WaveBall.Data", "WaveBall.Data\WaveBall.Data.csproj", "{F556E061-F40B-460B-8921-F46B1F705096}"
EndProject
Global
	GlobalSection(SolutionConfigurationPlatforms) = preSolution
		Debug|Any CPU = Debug|Any CPU
		Release|Any CPU = Release|Any CPU
	EndGlobalSection
	GlobalSection(ProjectConfigurationPlatforms) = postSolution
		{2DF2B041-A048-49C3-B341-7FEF842C13CA}.Debug|Any CPU.ActiveCfg = Debug|Any CPU
		{2DF2B041-A048-49C3-B341-7FEF842C13CA}.Debug|Any CPU.Build.0 = Debug|Any CPU
		{2DF2B041-A048-49C3-B341-7FEF842C13CA}.Release|Any CPU.ActiveCfg = Release|Any CPU
		{2DF2B041-A048-49C3-B341-7FEF842C13CA}.Release|Any CPU.Build.0 = Release|Any CPU
		{448211BB-90DF-404A-A3C3-AA29299E0E2E}.Debug|Any CPU.ActiveCfg = Debug|Any CPU
		{448211BB-90DF-404A-A3C3-AA29299E0E2E}.Debug|Any CPU.Build.0 = Debug|Any CPU
		{448211BB-90DF-404A-A3C3-AA29299E0E2E}.Release|Any CPU.ActiveCfg = Release|Any CPU
		{448211BB-90DF-404A-A3C3-AA29299E0E2E}.Release|Any CPU.Build.0 = Release|Any CPU
		{F556E061-F40B-460B-8921-F46B1F705096}.Debug|Any CPU.ActiveCfg = Debug|Any CPU
		{F556E061-F40B-460B-8921-F46B1F705096}.Debug|Any CPU.Build.0 = Debug|Any CPU
		{F556E061-F40B-460B-8921-F46B1F705096}.Release|Any CPU.ActiveCfg = Release|Any CPU
		{F556E061-F40B-460B-8921-F46B1F705096}.Release|Any CPU.Build.0 = Release|Any CPU
	EndGlobalSection
	GlobalSection(SolutionProperties) = preSolution
		HideSolutionNode = FALSE
	EndGlobalSection
	GlobalSection(ExtensibilityGlobals) = postSolution
		SolutionGuid = {70690FE0-8740-4B06-A683-7E952C523C13}
	EndGlobalSection
EndGlobal
